// !$*UTF8*$!
{
	archiveVersion = 1;
	classes = {
	};
	objectVersion = 50;
	objects = {

/* Begin PBXBuildFile section */
		0A48A0FB5770261A851BA448 /* Pods_testWebApp.framework in Frameworks */ = {isa = PBXBuildFile; fileRef = 935410AC0C0606ADBE1D3612 /* Pods_testWebApp.framework */; };
		242F40C321A5BA770001C1B2 /* Swifter.framework in Frameworks */ = {isa = PBXBuildFile; fileRef = 242F40BC21A5BA770001C1B2 /* Swifter.framework */; };
		242F40C421A5BA770001C1B2 /* Swifter.framework in Embed Frameworks */ = {isa = PBXBuildFile; fileRef = 242F40BC21A5BA770001C1B2 /* Swifter.framework */; settings = {ATTRIBUTES = (CodeSignOnCopy, RemoveHeadersOnCopy, ); }; };
		242F40C921A5BA9A0001C1B2 /* DemoServer.swift in Sources */ = {isa = PBXBuildFile; fileRef = 242F408F21A5BA270001C1B2 /* DemoServer.swift */; };
		242F40CA21A5BA9B0001C1B2 /* Errno.swift in Sources */ = {isa = PBXBuildFile; fileRef = 242F409621A5BA280001C1B2 /* Errno.swift */; };
		242F40CB21A5BA9B0001C1B2 /* Files.swift in Sources */ = {isa = PBXBuildFile; fileRef = 242F409721A5BA280001C1B2 /* Files.swift */; };
		242F40CC21A5BA9B0001C1B2 /* HttpParser.swift in Sources */ = {isa = PBXBuildFile; fileRef = 242F40A121A5BA280001C1B2 /* HttpParser.swift */; };
		242F40CD21A5BA9B0001C1B2 /* HttpRequest.swift in Sources */ = {isa = PBXBuildFile; fileRef = 242F408D21A5BA270001C1B2 /* HttpRequest.swift */; };
		242F40CE21A5BA9B0001C1B2 /* HttpResponse.swift in Sources */ = {isa = PBXBuildFile; fileRef = 242F409E21A5BA280001C1B2 /* HttpResponse.swift */; };
		242F40CF21A5BA9B0001C1B2 /* HttpRouter.swift in Sources */ = {isa = PBXBuildFile; fileRef = 242F409F21A5BA280001C1B2 /* HttpRouter.swift */; };
		242F40D021A5BA9B0001C1B2 /* HttpServer.swift in Sources */ = {isa = PBXBuildFile; fileRef = 242F409D21A5BA280001C1B2 /* HttpServer.swift */; };
		242F40D121A5BA9B0001C1B2 /* HttpServerIO.swift in Sources */ = {isa = PBXBuildFile; fileRef = 242F409321A5BA280001C1B2 /* HttpServerIO.swift */; };
		242F40D221A5BA9B0001C1B2 /* MimeTypes.swift in Sources */ = {isa = PBXBuildFile; fileRef = 242F409521A5BA280001C1B2 /* MimeTypes.swift */; };
		242F40D321A5BA9B0001C1B2 /* Process.swift in Sources */ = {isa = PBXBuildFile; fileRef = 242F409421A5BA280001C1B2 /* Process.swift */; };
		242F40D421A5BA9B0001C1B2 /* Scopes.swift in Sources */ = {isa = PBXBuildFile; fileRef = 242F409021A5BA280001C1B2 /* Scopes.swift */; };
		242F40D521A5BA9B0001C1B2 /* Socket.swift in Sources */ = {isa = PBXBuildFile; fileRef = 242F409A21A5BA280001C1B2 /* Socket.swift */; };
		242F40D621A5BA9B0001C1B2 /* Socket+File.swift in Sources */ = {isa = PBXBuildFile; fileRef = 242F409821A5BA280001C1B2 /* Socket+File.swift */; };
		242F40D721A5BA9B0001C1B2 /* Socket+Server.swift in Sources */ = {isa = PBXBuildFile; fileRef = 242F409121A5BA280001C1B2 /* Socket+Server.swift */; };
		242F40D821A5BA9B0001C1B2 /* String+BASE64.swift in Sources */ = {isa = PBXBuildFile; fileRef = 242F409921A5BA280001C1B2 /* String+BASE64.swift */; };
		242F40D921A5BA9B0001C1B2 /* String+File.swift in Sources */ = {isa = PBXBuildFile; fileRef = 242F409C21A5BA280001C1B2 /* String+File.swift */; };
		242F40DA21A5BA9B0001C1B2 /* String+Misc.swift in Sources */ = {isa = PBXBuildFile; fileRef = 242F409B21A5BA280001C1B2 /* String+Misc.swift */; };
		242F40DB21A5BA9B0001C1B2 /* String+SHA1.swift in Sources */ = {isa = PBXBuildFile; fileRef = 242F40A021A5BA280001C1B2 /* String+SHA1.swift */; };
		242F40DC21A5BA9B0001C1B2 /* WebSockets.swift in Sources */ = {isa = PBXBuildFile; fileRef = 242F408E21A5BA270001C1B2 /* WebSockets.swift */; };
		242F40DE21A5BAFD0001C1B2 /* SwifteriOS.h in Headers */ = {isa = PBXBuildFile; fileRef = 242F409221A5BA280001C1B2 /* SwifteriOS.h */; };
		242F40E021A6C44C0001C1B2 /* CustomWebServer.swift in Sources */ = {isa = PBXBuildFile; fileRef = 242F40DF21A6C44C0001C1B2 /* CustomWebServer.swift */; };
		381763EF21A4218B003621A1 /* AppDelegate.swift in Sources */ = {isa = PBXBuildFile; fileRef = 381763EE21A4218B003621A1 /* AppDelegate.swift */; };
		381763F121A4218B003621A1 /* WebViewController.swift in Sources */ = {isa = PBXBuildFile; fileRef = 381763F021A4218B003621A1 /* WebViewController.swift */; };
		381763F421A4218B003621A1 /* Main.storyboard in Resources */ = {isa = PBXBuildFile; fileRef = 381763F221A4218B003621A1 /* Main.storyboard */; };
		381763F621A4218C003621A1 /* Assets.xcassets in Resources */ = {isa = PBXBuildFile; fileRef = 381763F521A4218C003621A1 /* Assets.xcassets */; };
		381763F921A4218C003621A1 /* LaunchScreen.storyboard in Resources */ = {isa = PBXBuildFile; fileRef = 381763F721A4218C003621A1 /* LaunchScreen.storyboard */; };
		3817640121A42796003621A1 /* DataProvider.swift in Sources */ = {isa = PBXBuildFile; fileRef = 3817640021A42796003621A1 /* DataProvider.swift */; };
		3817640521A6ACA3003621A1 /* LoginViewController.swift in Sources */ = {isa = PBXBuildFile; fileRef = 3817640421A6ACA3003621A1 /* LoginViewController.swift */; };
		3851779A21B8286D0082EF35 /* IntuneMAM.framework in Frameworks */ = {isa = PBXBuildFile; fileRef = 3851779921B8286D0082EF35 /* IntuneMAM.framework */; };
		3851779C21B830500082EF35 /* MessageUI.framework in Frameworks */ = {isa = PBXBuildFile; fileRef = 3851779B21B830500082EF35 /* MessageUI.framework */; };
		3851779E21B830590082EF35 /* Security.framework in Frameworks */ = {isa = PBXBuildFile; fileRef = 3851779D21B830590082EF35 /* Security.framework */; };
		385177A021B830630082EF35 /* MobileCoreServices.framework in Frameworks */ = {isa = PBXBuildFile; fileRef = 3851779F21B830630082EF35 /* MobileCoreServices.framework */; };
		385177A221B830700082EF35 /* libsqlite3.tbd in Frameworks */ = {isa = PBXBuildFile; fileRef = 385177A121B830700082EF35 /* libsqlite3.tbd */; };
		385177A421B8307B0082EF35 /* libc++.tbd in Frameworks */ = {isa = PBXBuildFile; fileRef = 385177A321B8307B0082EF35 /* libc++.tbd */; };
		385177A621B830830082EF35 /* ImageIO.framework in Frameworks */ = {isa = PBXBuildFile; fileRef = 385177A521B830830082EF35 /* ImageIO.framework */; };
		385177A821B8308A0082EF35 /* LocalAuthentication.framework in Frameworks */ = {isa = PBXBuildFile; fileRef = 385177A721B8308A0082EF35 /* LocalAuthentication.framework */; };
		385177AA21B830930082EF35 /* AudioToolbox.framework in Frameworks */ = {isa = PBXBuildFile; fileRef = 385177A921B830930082EF35 /* AudioToolbox.framework */; };
		385177AC21B8309D0082EF35 /* QuartzCore.framework in Frameworks */ = {isa = PBXBuildFile; fileRef = 385177AB21B8309D0082EF35 /* QuartzCore.framework */; };
		385177AE21B830A20082EF35 /* WebKit.framework in Frameworks */ = {isa = PBXBuildFile; fileRef = 385177AD21B830A20082EF35 /* WebKit.framework */; };
		385177AF21B838AB0082EF35 /* IntuneMAM.framework in Frameworks */ = {isa = PBXBuildFile; fileRef = 3851779921B8286D0082EF35 /* IntuneMAM.framework */; };
		385177B021B838AB0082EF35 /* IntuneMAM.framework in Embed Frameworks */ = {isa = PBXBuildFile; fileRef = 3851779921B8286D0082EF35 /* IntuneMAM.framework */; settings = {ATTRIBUTES = (CodeSignOnCopy, RemoveHeadersOnCopy, ); }; };
/* End PBXBuildFile section */

/* Begin PBXContainerItemProxy section */
		242F40C121A5BA770001C1B2 /* PBXContainerItemProxy */ = {
			isa = PBXContainerItemProxy;
			containerPortal = 381763E321A4218B003621A1 /* Project object */;
			proxyType = 1;
			remoteGlobalIDString = 242F40BB21A5BA770001C1B2;
			remoteInfo = Swifter;
		};
/* End PBXContainerItemProxy section */

/* Begin PBXCopyFilesBuildPhase section */
		242F40C821A5BA770001C1B2 /* Embed Frameworks */ = {
			isa = PBXCopyFilesBuildPhase;
			buildActionMask = 2147483647;
			dstPath = "";
			dstSubfolderSpec = 10;
			files = (
				242F40C421A5BA770001C1B2 /* Swifter.framework in Embed Frameworks */,
				385177B021B838AB0082EF35 /* IntuneMAM.framework in Embed Frameworks */,
			);
			name = "Embed Frameworks";
			runOnlyForDeploymentPostprocessing = 0;
		};
/* End PBXCopyFilesBuildPhase section */

/* Begin PBXFileReference section */
		242F408C21A5BA270001C1B2 /* Info.plist */ = {isa = PBXFileReference; fileEncoding = 4; lastKnownFileType = text.plist.xml; name = Info.plist; path = testWebApp/Swifter/Info.plist; sourceTree = SOURCE_ROOT; };
		242F408D21A5BA270001C1B2 /* HttpRequest.swift */ = {isa = PBXFileReference; fileEncoding = 4; lastKnownFileType = sourcecode.swift; name = HttpRequest.swift; path = testWebApp/Swifter/HttpRequest.swift; sourceTree = SOURCE_ROOT; };
		242F408E21A5BA270001C1B2 /* WebSockets.swift */ = {isa = PBXFileReference; fileEncoding = 4; lastKnownFileType = sourcecode.swift; name = WebSockets.swift; path = testWebApp/Swifter/WebSockets.swift; sourceTree = SOURCE_ROOT; };
		242F408F21A5BA270001C1B2 /* DemoServer.swift */ = {isa = PBXFileReference; fileEncoding = 4; lastKnownFileType = sourcecode.swift; name = DemoServer.swift; path = testWebApp/Swifter/DemoServer.swift; sourceTree = SOURCE_ROOT; };
		242F409021A5BA280001C1B2 /* Scopes.swift */ = {isa = PBXFileReference; fileEncoding = 4; lastKnownFileType = sourcecode.swift; name = Scopes.swift; path = testWebApp/Swifter/Scopes.swift; sourceTree = SOURCE_ROOT; };
		242F409121A5BA280001C1B2 /* Socket+Server.swift */ = {isa = PBXFileReference; fileEncoding = 4; lastKnownFileType = sourcecode.swift; name = "Socket+Server.swift"; path = "testWebApp/Swifter/Socket+Server.swift"; sourceTree = SOURCE_ROOT; };
		242F409221A5BA280001C1B2 /* SwifteriOS.h */ = {isa = PBXFileReference; fileEncoding = 4; lastKnownFileType = sourcecode.c.h; name = SwifteriOS.h; path = testWebApp/Swifter/SwifteriOS.h; sourceTree = SOURCE_ROOT; };
		242F409321A5BA280001C1B2 /* HttpServerIO.swift */ = {isa = PBXFileReference; fileEncoding = 4; lastKnownFileType = sourcecode.swift; name = HttpServerIO.swift; path = testWebApp/Swifter/HttpServerIO.swift; sourceTree = SOURCE_ROOT; };
		242F409421A5BA280001C1B2 /* Process.swift */ = {isa = PBXFileReference; fileEncoding = 4; lastKnownFileType = sourcecode.swift; name = Process.swift; path = testWebApp/Swifter/Process.swift; sourceTree = SOURCE_ROOT; };
		242F409521A5BA280001C1B2 /* MimeTypes.swift */ = {isa = PBXFileReference; fileEncoding = 4; lastKnownFileType = sourcecode.swift; name = MimeTypes.swift; path = testWebApp/Swifter/MimeTypes.swift; sourceTree = SOURCE_ROOT; };
		242F409621A5BA280001C1B2 /* Errno.swift */ = {isa = PBXFileReference; fileEncoding = 4; lastKnownFileType = sourcecode.swift; name = Errno.swift; path = testWebApp/Swifter/Errno.swift; sourceTree = SOURCE_ROOT; };
		242F409721A5BA280001C1B2 /* Files.swift */ = {isa = PBXFileReference; fileEncoding = 4; lastKnownFileType = sourcecode.swift; name = Files.swift; path = testWebApp/Swifter/Files.swift; sourceTree = SOURCE_ROOT; };
		242F409821A5BA280001C1B2 /* Socket+File.swift */ = {isa = PBXFileReference; fileEncoding = 4; lastKnownFileType = sourcecode.swift; name = "Socket+File.swift"; path = "testWebApp/Swifter/Socket+File.swift"; sourceTree = SOURCE_ROOT; };
		242F409921A5BA280001C1B2 /* String+BASE64.swift */ = {isa = PBXFileReference; fileEncoding = 4; lastKnownFileType = sourcecode.swift; name = "String+BASE64.swift"; path = "testWebApp/Swifter/String+BASE64.swift"; sourceTree = SOURCE_ROOT; };
		242F409A21A5BA280001C1B2 /* Socket.swift */ = {isa = PBXFileReference; fileEncoding = 4; lastKnownFileType = sourcecode.swift; name = Socket.swift; path = testWebApp/Swifter/Socket.swift; sourceTree = SOURCE_ROOT; };
		242F409B21A5BA280001C1B2 /* String+Misc.swift */ = {isa = PBXFileReference; fileEncoding = 4; lastKnownFileType = sourcecode.swift; name = "String+Misc.swift"; path = "testWebApp/Swifter/String+Misc.swift"; sourceTree = SOURCE_ROOT; };
		242F409C21A5BA280001C1B2 /* String+File.swift */ = {isa = PBXFileReference; fileEncoding = 4; lastKnownFileType = sourcecode.swift; name = "String+File.swift"; path = "testWebApp/Swifter/String+File.swift"; sourceTree = SOURCE_ROOT; };
		242F409D21A5BA280001C1B2 /* HttpServer.swift */ = {isa = PBXFileReference; fileEncoding = 4; lastKnownFileType = sourcecode.swift; name = HttpServer.swift; path = testWebApp/Swifter/HttpServer.swift; sourceTree = SOURCE_ROOT; };
		242F409E21A5BA280001C1B2 /* HttpResponse.swift */ = {isa = PBXFileReference; fileEncoding = 4; lastKnownFileType = sourcecode.swift; name = HttpResponse.swift; path = testWebApp/Swifter/HttpResponse.swift; sourceTree = SOURCE_ROOT; };
		242F409F21A5BA280001C1B2 /* HttpRouter.swift */ = {isa = PBXFileReference; fileEncoding = 4; lastKnownFileType = sourcecode.swift; name = HttpRouter.swift; path = testWebApp/Swifter/HttpRouter.swift; sourceTree = SOURCE_ROOT; };
		242F40A021A5BA280001C1B2 /* String+SHA1.swift */ = {isa = PBXFileReference; fileEncoding = 4; lastKnownFileType = sourcecode.swift; name = "String+SHA1.swift"; path = "testWebApp/Swifter/String+SHA1.swift"; sourceTree = SOURCE_ROOT; };
		242F40A121A5BA280001C1B2 /* HttpParser.swift */ = {isa = PBXFileReference; fileEncoding = 4; lastKnownFileType = sourcecode.swift; name = HttpParser.swift; path = testWebApp/Swifter/HttpParser.swift; sourceTree = SOURCE_ROOT; };
		242F40BC21A5BA770001C1B2 /* Swifter.framework */ = {isa = PBXFileReference; explicitFileType = wrapper.framework; includeInIndex = 0; path = Swifter.framework; sourceTree = BUILT_PRODUCTS_DIR; };
		242F40DF21A6C44C0001C1B2 /* CustomWebServer.swift */ = {isa = PBXFileReference; lastKnownFileType = sourcecode.swift; path = CustomWebServer.swift; sourceTree = "<group>"; };
		381763EB21A4218B003621A1 /* testWebApp.app */ = {isa = PBXFileReference; explicitFileType = wrapper.application; includeInIndex = 0; path = testWebApp.app; sourceTree = BUILT_PRODUCTS_DIR; };
		381763EE21A4218B003621A1 /* AppDelegate.swift */ = {isa = PBXFileReference; lastKnownFileType = sourcecode.swift; path = AppDelegate.swift; sourceTree = "<group>"; };
		381763F021A4218B003621A1 /* WebViewController.swift */ = {isa = PBXFileReference; lastKnownFileType = sourcecode.swift; path = WebViewController.swift; sourceTree = "<group>"; };
		381763F321A4218B003621A1 /* Base */ = {isa = PBXFileReference; lastKnownFileType = file.storyboard; name = Base; path = Base.lproj/Main.storyboard; sourceTree = "<group>"; };
		381763F521A4218C003621A1 /* Assets.xcassets */ = {isa = PBXFileReference; lastKnownFileType = folder.assetcatalog; path = Assets.xcassets; sourceTree = "<group>"; };
		381763F821A4218C003621A1 /* Base */ = {isa = PBXFileReference; lastKnownFileType = file.storyboard; name = Base; path = Base.lproj/LaunchScreen.storyboard; sourceTree = "<group>"; };
		381763FA21A4218C003621A1 /* Info.plist */ = {isa = PBXFileReference; lastKnownFileType = text.plist.xml; path = Info.plist; sourceTree = "<group>"; };
		3817640021A42796003621A1 /* DataProvider.swift */ = {isa = PBXFileReference; lastKnownFileType = sourcecode.swift; path = DataProvider.swift; sourceTree = "<group>"; };
		3817640321A6AAD6003621A1 /* testWebApp.entitlements */ = {isa = PBXFileReference; lastKnownFileType = text.plist.entitlements; path = testWebApp.entitlements; sourceTree = "<group>"; };
		3817640421A6ACA3003621A1 /* LoginViewController.swift */ = {isa = PBXFileReference; lastKnownFileType = sourcecode.swift; path = LoginViewController.swift; sourceTree = "<group>"; };
		3851779921B8286D0082EF35 /* IntuneMAM.framework */ = {isa = PBXFileReference; lastKnownFileType = wrapper.framework; path = IntuneMAM.framework; sourceTree = "<group>"; };
		3851779B21B830500082EF35 /* MessageUI.framework */ = {isa = PBXFileReference; lastKnownFileType = wrapper.framework; name = MessageUI.framework; path = System/Library/Frameworks/MessageUI.framework; sourceTree = SDKROOT; };
		3851779D21B830590082EF35 /* Security.framework */ = {isa = PBXFileReference; lastKnownFileType = wrapper.framework; name = Security.framework; path = System/Library/Frameworks/Security.framework; sourceTree = SDKROOT; };
		3851779F21B830630082EF35 /* MobileCoreServices.framework */ = {isa = PBXFileReference; lastKnownFileType = wrapper.framework; name = MobileCoreServices.framework; path = System/Library/Frameworks/MobileCoreServices.framework; sourceTree = SDKROOT; };
		385177A121B830700082EF35 /* libsqlite3.tbd */ = {isa = PBXFileReference; lastKnownFileType = "sourcecode.text-based-dylib-definition"; name = libsqlite3.tbd; path = usr/lib/libsqlite3.tbd; sourceTree = SDKROOT; };
		385177A321B8307B0082EF35 /* libc++.tbd */ = {isa = PBXFileReference; lastKnownFileType = "sourcecode.text-based-dylib-definition"; name = "libc++.tbd"; path = "usr/lib/libc++.tbd"; sourceTree = SDKROOT; };
		385177A521B830830082EF35 /* ImageIO.framework */ = {isa = PBXFileReference; lastKnownFileType = wrapper.framework; name = ImageIO.framework; path = System/Library/Frameworks/ImageIO.framework; sourceTree = SDKROOT; };
		385177A721B8308A0082EF35 /* LocalAuthentication.framework */ = {isa = PBXFileReference; lastKnownFileType = wrapper.framework; name = LocalAuthentication.framework; path = System/Library/Frameworks/LocalAuthentication.framework; sourceTree = SDKROOT; };
		385177A921B830930082EF35 /* AudioToolbox.framework */ = {isa = PBXFileReference; lastKnownFileType = wrapper.framework; name = AudioToolbox.framework; path = System/Library/Frameworks/AudioToolbox.framework; sourceTree = SDKROOT; };
		385177AB21B8309D0082EF35 /* QuartzCore.framework */ = {isa = PBXFileReference; lastKnownFileType = wrapper.framework; name = QuartzCore.framework; path = System/Library/Frameworks/QuartzCore.framework; sourceTree = SDKROOT; };
		385177AD21B830A20082EF35 /* WebKit.framework */ = {isa = PBXFileReference; lastKnownFileType = wrapper.framework; name = WebKit.framework; path = System/Library/Frameworks/WebKit.framework; sourceTree = SDKROOT; };
		6657C20AADE73CBC2B0E5D64 /* Pods-testWebApp.release.xcconfig */ = {isa = PBXFileReference; includeInIndex = 1; lastKnownFileType = text.xcconfig; name = "Pods-testWebApp.release.xcconfig"; path = "Pods/Target Support Files/Pods-testWebApp/Pods-testWebApp.release.xcconfig"; sourceTree = "<group>"; };
		935410AC0C0606ADBE1D3612 /* Pods_testWebApp.framework */ = {isa = PBXFileReference; explicitFileType = wrapper.framework; includeInIndex = 0; path = Pods_testWebApp.framework; sourceTree = BUILT_PRODUCTS_DIR; };
		A4446D2401AB1F5E02B389F0 /* Pods-testWebApp.debug.xcconfig */ = {isa = PBXFileReference; includeInIndex = 1; lastKnownFileType = text.xcconfig; name = "Pods-testWebApp.debug.xcconfig"; path = "Pods/Target Support Files/Pods-testWebApp/Pods-testWebApp.debug.xcconfig"; sourceTree = "<group>"; };
/* End PBXFileReference section */

/* Begin PBXFrameworksBuildPhase section */
		242F40B921A5BA770001C1B2 /* Frameworks */ = {
			isa = PBXFrameworksBuildPhase;
			buildActionMask = 2147483647;
			files = (
			);
			runOnlyForDeploymentPostprocessing = 0;
		};
		381763E821A4218B003621A1 /* Frameworks */ = {
			isa = PBXFrameworksBuildPhase;
			buildActionMask = 2147483647;
			files = (
				385177AE21B830A20082EF35 /* WebKit.framework in Frameworks */,
				385177AC21B8309D0082EF35 /* QuartzCore.framework in Frameworks */,
				385177AA21B830930082EF35 /* AudioToolbox.framework in Frameworks */,
				385177A821B8308A0082EF35 /* LocalAuthentication.framework in Frameworks */,
				385177A621B830830082EF35 /* ImageIO.framework in Frameworks */,
				385177A421B8307B0082EF35 /* libc++.tbd in Frameworks */,
				385177A221B830700082EF35 /* libsqlite3.tbd in Frameworks */,
				385177A021B830630082EF35 /* MobileCoreServices.framework in Frameworks */,
				3851779E21B830590082EF35 /* Security.framework in Frameworks */,
				385177AF21B838AB0082EF35 /* IntuneMAM.framework in Frameworks */,
				3851779C21B830500082EF35 /* MessageUI.framework in Frameworks */,
				242F40C321A5BA770001C1B2 /* Swifter.framework in Frameworks */,
				3851779A21B8286D0082EF35 /* IntuneMAM.framework in Frameworks */,
				0A48A0FB5770261A851BA448 /* Pods_testWebApp.framework in Frameworks */,
			);
			runOnlyForDeploymentPostprocessing = 0;
		};
/* End PBXFrameworksBuildPhase section */

/* Begin PBXGroup section */
		242F408B21A5B9EB0001C1B2 /* Swifter */ = {
			isa = PBXGroup;
			children = (
				242F408F21A5BA270001C1B2 /* DemoServer.swift */,
				242F409621A5BA280001C1B2 /* Errno.swift */,
				242F409721A5BA280001C1B2 /* Files.swift */,
				242F40A121A5BA280001C1B2 /* HttpParser.swift */,
				242F408D21A5BA270001C1B2 /* HttpRequest.swift */,
				242F409E21A5BA280001C1B2 /* HttpResponse.swift */,
				242F409F21A5BA280001C1B2 /* HttpRouter.swift */,
				242F409D21A5BA280001C1B2 /* HttpServer.swift */,
				242F409321A5BA280001C1B2 /* HttpServerIO.swift */,
				242F408C21A5BA270001C1B2 /* Info.plist */,
				242F409521A5BA280001C1B2 /* MimeTypes.swift */,
				242F409421A5BA280001C1B2 /* Process.swift */,
				242F409021A5BA280001C1B2 /* Scopes.swift */,
				242F409A21A5BA280001C1B2 /* Socket.swift */,
				242F409821A5BA280001C1B2 /* Socket+File.swift */,
				242F409121A5BA280001C1B2 /* Socket+Server.swift */,
				242F409921A5BA280001C1B2 /* String+BASE64.swift */,
				242F409C21A5BA280001C1B2 /* String+File.swift */,
				242F409B21A5BA280001C1B2 /* String+Misc.swift */,
				242F40A021A5BA280001C1B2 /* String+SHA1.swift */,
				242F409221A5BA280001C1B2 /* SwifteriOS.h */,
				242F408E21A5BA270001C1B2 /* WebSockets.swift */,
			);
			path = Swifter;
			sourceTree = "<group>";
		};
		381763E221A4218B003621A1 = {
			isa = PBXGroup;
			children = (
				242F408B21A5B9EB0001C1B2 /* Swifter */,
				381763ED21A4218B003621A1 /* testWebApp */,
				381763EC21A4218B003621A1 /* Products */,
				D9FD09C8A77F0BC5DC6489E7 /* Pods */,
				68C023233B17207791A853B2 /* Frameworks */,
			);
			sourceTree = "<group>";
		};
		381763EC21A4218B003621A1 /* Products */ = {
			isa = PBXGroup;
			children = (
				381763EB21A4218B003621A1 /* testWebApp.app */,
				242F40BC21A5BA770001C1B2 /* Swifter.framework */,
			);
			name = Products;
			sourceTree = "<group>";
		};
		381763ED21A4218B003621A1 /* testWebApp */ = {
			isa = PBXGroup;
			children = (
				3817640321A6AAD6003621A1 /* testWebApp.entitlements */,
				381763EE21A4218B003621A1 /* AppDelegate.swift */,
				381763F021A4218B003621A1 /* WebViewController.swift */,
				3817640421A6ACA3003621A1 /* LoginViewController.swift */,
				3817640021A42796003621A1 /* DataProvider.swift */,
				381763F221A4218B003621A1 /* Main.storyboard */,
				381763F521A4218C003621A1 /* Assets.xcassets */,
				381763F721A4218C003621A1 /* LaunchScreen.storyboard */,
				381763FA21A4218C003621A1 /* Info.plist */,
				242F40DF21A6C44C0001C1B2 /* CustomWebServer.swift */,
			);
			path = testWebApp;
			sourceTree = "<group>";
		};
		68C023233B17207791A853B2 /* Frameworks */ = {
			isa = PBXGroup;
			children = (
				385177AD21B830A20082EF35 /* WebKit.framework */,
				385177AB21B8309D0082EF35 /* QuartzCore.framework */,
				385177A921B830930082EF35 /* AudioToolbox.framework */,
				385177A721B8308A0082EF35 /* LocalAuthentication.framework */,
				385177A521B830830082EF35 /* ImageIO.framework */,
				385177A321B8307B0082EF35 /* libc++.tbd */,
				385177A121B830700082EF35 /* libsqlite3.tbd */,
				3851779F21B830630082EF35 /* MobileCoreServices.framework */,
				3851779D21B830590082EF35 /* Security.framework */,
				3851779B21B830500082EF35 /* MessageUI.framework */,
				3851779921B8286D0082EF35 /* IntuneMAM.framework */,
				935410AC0C0606ADBE1D3612 /* Pods_testWebApp.framework */,
			);
			name = Frameworks;
			sourceTree = "<group>";
		};
		D9FD09C8A77F0BC5DC6489E7 /* Pods */ = {
			isa = PBXGroup;
			children = (
				6657C20AADE73CBC2B0E5D64 /* Pods-testWebApp.release.xcconfig */,
				A4446D2401AB1F5E02B389F0 /* Pods-testWebApp.debug.xcconfig */,
			);
			name = Pods;
			sourceTree = "<group>";
		};
/* End PBXGroup section */

/* Begin PBXHeadersBuildPhase section */
		242F40B721A5BA770001C1B2 /* Headers */ = {
			isa = PBXHeadersBuildPhase;
			buildActionMask = 2147483647;
			files = (
				242F40DE21A5BAFD0001C1B2 /* SwifteriOS.h in Headers */,
			);
			runOnlyForDeploymentPostprocessing = 0;
		};
/* End PBXHeadersBuildPhase section */

/* Begin PBXNativeTarget section */
		242F40BB21A5BA770001C1B2 /* Swifter */ = {
			isa = PBXNativeTarget;
			buildConfigurationList = 242F40C521A5BA770001C1B2 /* Build configuration list for PBXNativeTarget "Swifter" */;
			buildPhases = (
				242F40B721A5BA770001C1B2 /* Headers */,
				242F40B821A5BA770001C1B2 /* Sources */,
				242F40B921A5BA770001C1B2 /* Frameworks */,
				242F40BA21A5BA770001C1B2 /* Resources */,
			);
			buildRules = (
			);
			dependencies = (
			);
			name = Swifter;
			productName = Swifter;
			productReference = 242F40BC21A5BA770001C1B2 /* Swifter.framework */;
			productType = "com.apple.product-type.framework";
		};
		381763EA21A4218B003621A1 /* testWebApp */ = {
			isa = PBXNativeTarget;
			buildConfigurationList = 381763FD21A4218C003621A1 /* Build configuration list for PBXNativeTarget "testWebApp" */;
			buildPhases = (
				2BC256A95C3CD7E5206446FA /* [CP] Check Pods Manifest.lock */,
				381763E721A4218B003621A1 /* Sources */,
				381763E821A4218B003621A1 /* Frameworks */,
				381763E921A4218B003621A1 /* Resources */,
				242F40C821A5BA770001C1B2 /* Embed Frameworks */,
				17923C20E53A0B2185B41D3F /* [CP] Embed Pods Frameworks */,
			);
			buildRules = (
			);
			dependencies = (
				242F40C221A5BA770001C1B2 /* PBXTargetDependency */,
			);
			name = testWebApp;
			productName = testWebApp;
			productReference = 381763EB21A4218B003621A1 /* testWebApp.app */;
			productType = "com.apple.product-type.application";
		};
/* End PBXNativeTarget section */

/* Begin PBXProject section */
		381763E321A4218B003621A1 /* Project object */ = {
			isa = PBXProject;
			attributes = {
				LastSwiftUpdateCheck = 1010;
				LastUpgradeCheck = 1010;
				ORGANIZATIONNAME = "Bohdan Paliychuk";
				TargetAttributes = {
					242F40BB21A5BA770001C1B2 = {
						CreatedOnToolsVersion = 10.1;
					};
					381763EA21A4218B003621A1 = {
						CreatedOnToolsVersion = 10.1;
						SystemCapabilities = {
							com.apple.Keychain = {
								enabled = 1;
							};
						};
					};
				};
			};
			buildConfigurationList = 381763E621A4218B003621A1 /* Build configuration list for PBXProject "testWebApp" */;
			compatibilityVersion = "Xcode 9.3";
			developmentRegion = en;
			hasScannedForEncodings = 0;
			knownRegions = (
				en,
				Base,
			);
			mainGroup = 381763E221A4218B003621A1;
			productRefGroup = 381763EC21A4218B003621A1 /* Products */;
			projectDirPath = "";
			projectRoot = "";
			targets = (
				381763EA21A4218B003621A1 /* testWebApp */,
				242F40BB21A5BA770001C1B2 /* Swifter */,
			);
		};
/* End PBXProject section */

/* Begin PBXResourcesBuildPhase section */
		242F40BA21A5BA770001C1B2 /* Resources */ = {
			isa = PBXResourcesBuildPhase;
			buildActionMask = 2147483647;
			files = (
			);
			runOnlyForDeploymentPostprocessing = 0;
		};
		381763E921A4218B003621A1 /* Resources */ = {
			isa = PBXResourcesBuildPhase;
			buildActionMask = 2147483647;
			files = (
				381763F921A4218C003621A1 /* LaunchScreen.storyboard in Resources */,
				381763F621A4218C003621A1 /* Assets.xcassets in Resources */,
				381763F421A4218B003621A1 /* Main.storyboard in Resources */,
			);
			runOnlyForDeploymentPostprocessing = 0;
		};
/* End PBXResourcesBuildPhase section */

/* Begin PBXShellScriptBuildPhase section */
		17923C20E53A0B2185B41D3F /* [CP] Embed Pods Frameworks */ = {
			isa = PBXShellScriptBuildPhase;
			buildActionMask = 2147483647;
			files = (
			);
			inputPaths = (
				"${SRCROOT}/Pods/Target Support Files/Pods-testWebApp/Pods-testWebApp-frameworks.sh",
				"${BUILT_PRODUCTS_DIR}/ADALiOS/ADALiOS.framework",
			);
			name = "[CP] Embed Pods Frameworks";
			outputPaths = (
				"${TARGET_BUILD_DIR}/${FRAMEWORKS_FOLDER_PATH}/ADALiOS.framework",
			);
			runOnlyForDeploymentPostprocessing = 0;
			shellPath = /bin/sh;
			shellScript = "\"${SRCROOT}/Pods/Target Support Files/Pods-testWebApp/Pods-testWebApp-frameworks.sh\"\n";
			showEnvVarsInLog = 0;
		};
		2BC256A95C3CD7E5206446FA /* [CP] Check Pods Manifest.lock */ = {
			isa = PBXShellScriptBuildPhase;
			buildActionMask = 2147483647;
			files = (
			);
			inputPaths = (
				"${PODS_PODFILE_DIR_PATH}/Podfile.lock",
				"${PODS_ROOT}/Manifest.lock",
			);
			name = "[CP] Check Pods Manifest.lock";
			outputPaths = (
				"$(DERIVED_FILE_DIR)/Pods-testWebApp-checkManifestLockResult.txt",
			);
			runOnlyForDeploymentPostprocessing = 0;
			shellPath = /bin/sh;
			shellScript = "diff \"${PODS_PODFILE_DIR_PATH}/Podfile.lock\" \"${PODS_ROOT}/Manifest.lock\" > /dev/null\nif [ $? != 0 ] ; then\n    # print error to STDERR\n    echo \"error: The sandbox is not in sync with the Podfile.lock. Run 'pod install' or update your CocoaPods installation.\" >&2\n    exit 1\nfi\n# This output is used by Xcode 'outputs' to avoid re-running this script phase.\necho \"SUCCESS\" > \"${SCRIPT_OUTPUT_FILE_0}\"\n";
			showEnvVarsInLog = 0;
		};
/* End PBXShellScriptBuildPhase section */

/* Begin PBXSourcesBuildPhase section */
		242F40B821A5BA770001C1B2 /* Sources */ = {
			isa = PBXSourcesBuildPhase;
			buildActionMask = 2147483647;
			files = (
				242F40C921A5BA9A0001C1B2 /* DemoServer.swift in Sources */,
				242F40CA21A5BA9B0001C1B2 /* Errno.swift in Sources */,
				242F40CB21A5BA9B0001C1B2 /* Files.swift in Sources */,
				242F40CC21A5BA9B0001C1B2 /* HttpParser.swift in Sources */,
				242F40CD21A5BA9B0001C1B2 /* HttpRequest.swift in Sources */,
				242F40CE21A5BA9B0001C1B2 /* HttpResponse.swift in Sources */,
				242F40CF21A5BA9B0001C1B2 /* HttpRouter.swift in Sources */,
				242F40D021A5BA9B0001C1B2 /* HttpServer.swift in Sources */,
				242F40D121A5BA9B0001C1B2 /* HttpServerIO.swift in Sources */,
				242F40D221A5BA9B0001C1B2 /* MimeTypes.swift in Sources */,
				242F40D321A5BA9B0001C1B2 /* Process.swift in Sources */,
				242F40D421A5BA9B0001C1B2 /* Scopes.swift in Sources */,
				242F40D521A5BA9B0001C1B2 /* Socket.swift in Sources */,
				242F40D621A5BA9B0001C1B2 /* Socket+File.swift in Sources */,
				242F40D721A5BA9B0001C1B2 /* Socket+Server.swift in Sources */,
				242F40D821A5BA9B0001C1B2 /* String+BASE64.swift in Sources */,
				242F40D921A5BA9B0001C1B2 /* String+File.swift in Sources */,
				242F40DA21A5BA9B0001C1B2 /* String+Misc.swift in Sources */,
				242F40DB21A5BA9B0001C1B2 /* String+SHA1.swift in Sources */,
				242F40DC21A5BA9B0001C1B2 /* WebSockets.swift in Sources */,
			);
			runOnlyForDeploymentPostprocessing = 0;
		};
		381763E721A4218B003621A1 /* Sources */ = {
			isa = PBXSourcesBuildPhase;
			buildActionMask = 2147483647;
			files = (
				3817640521A6ACA3003621A1 /* LoginViewController.swift in Sources */,
				242F40E021A6C44C0001C1B2 /* CustomWebServer.swift in Sources */,
				3817640121A42796003621A1 /* DataProvider.swift in Sources */,
				381763F121A4218B003621A1 /* WebViewController.swift in Sources */,
				381763EF21A4218B003621A1 /* AppDelegate.swift in Sources */,
			);
			runOnlyForDeploymentPostprocessing = 0;
		};
/* End PBXSourcesBuildPhase section */

/* Begin PBXTargetDependency section */
		242F40C221A5BA770001C1B2 /* PBXTargetDependency */ = {
			isa = PBXTargetDependency;
			target = 242F40BB21A5BA770001C1B2 /* Swifter */;
			targetProxy = 242F40C121A5BA770001C1B2 /* PBXContainerItemProxy */;
		};
/* End PBXTargetDependency section */

/* Begin PBXVariantGroup section */
		381763F221A4218B003621A1 /* Main.storyboard */ = {
			isa = PBXVariantGroup;
			children = (
				381763F321A4218B003621A1 /* Base */,
			);
			name = Main.storyboard;
			sourceTree = "<group>";
		};
		381763F721A4218C003621A1 /* LaunchScreen.storyboard */ = {
			isa = PBXVariantGroup;
			children = (
				381763F821A4218C003621A1 /* Base */,
			);
			name = LaunchScreen.storyboard;
			sourceTree = "<group>";
		};
/* End PBXVariantGroup section */

/* Begin XCBuildConfiguration section */
		242F40C621A5BA770001C1B2 /* Debug */ = {
			isa = XCBuildConfiguration;
			buildSettings = {
				CODE_SIGN_IDENTITY = "";
				CODE_SIGN_STYLE = Automatic;
				CURRENT_PROJECT_VERSION = 1;
				DEFINES_MODULE = YES;
				DEVELOPMENT_TEAM = D6H4TCR3D8;
				DYLIB_COMPATIBILITY_VERSION = 1;
				DYLIB_CURRENT_VERSION = 1;
				DYLIB_INSTALL_NAME_BASE = "@rpath";
				INFOPLIST_FILE = testWebApp/Swifter/Info.plist;
				INSTALL_PATH = "$(LOCAL_LIBRARY_DIR)/Frameworks";
				LD_RUNPATH_SEARCH_PATHS = (
					"$(inherited)",
					"@executable_path/Frameworks",
					"@loader_path/Frameworks",
				);
				PRODUCT_BUNDLE_IDENTIFIER = CoreValue.Swifter;
				PRODUCT_NAME = "$(TARGET_NAME:c99extidentifier)";
				SKIP_INSTALL = YES;
				SWIFT_VERSION = 4.2;
				TARGETED_DEVICE_FAMILY = "1,2";
				VERSIONING_SYSTEM = "apple-generic";
				VERSION_INFO_PREFIX = "";
			};
			name = Debug;
		};
		242F40C721A5BA770001C1B2 /* Release */ = {
			isa = XCBuildConfiguration;
			buildSettings = {
				CODE_SIGN_IDENTITY = "";
				CODE_SIGN_STYLE = Automatic;
				CURRENT_PROJECT_VERSION = 1;
				DEFINES_MODULE = YES;
				DEVELOPMENT_TEAM = D6H4TCR3D8;
				DYLIB_COMPATIBILITY_VERSION = 1;
				DYLIB_CURRENT_VERSION = 1;
				DYLIB_INSTALL_NAME_BASE = "@rpath";
				INFOPLIST_FILE = testWebApp/Swifter/Info.plist;
				INSTALL_PATH = "$(LOCAL_LIBRARY_DIR)/Frameworks";
				LD_RUNPATH_SEARCH_PATHS = (
					"$(inherited)",
					"@executable_path/Frameworks",
					"@loader_path/Frameworks",
				);
				PRODUCT_BUNDLE_IDENTIFIER = CoreValue.Swifter;
				PRODUCT_NAME = "$(TARGET_NAME:c99extidentifier)";
				SKIP_INSTALL = YES;
				SWIFT_VERSION = 4.2;
				TARGETED_DEVICE_FAMILY = "1,2";
				VERSIONING_SYSTEM = "apple-generic";
				VERSION_INFO_PREFIX = "";
			};
			name = Release;
		};
		381763FB21A4218C003621A1 /* Debug */ = {
			isa = XCBuildConfiguration;
			buildSettings = {
				ALWAYS_SEARCH_USER_PATHS = NO;
				CLANG_ANALYZER_NONNULL = YES;
				CLANG_ANALYZER_NUMBER_OBJECT_CONVERSION = YES_AGGRESSIVE;
				CLANG_CXX_LANGUAGE_STANDARD = "gnu++14";
				CLANG_CXX_LIBRARY = "libc++";
				CLANG_ENABLE_MODULES = YES;
				CLANG_ENABLE_OBJC_ARC = YES;
				CLANG_ENABLE_OBJC_WEAK = YES;
				CLANG_WARN_BLOCK_CAPTURE_AUTORELEASING = YES;
				CLANG_WARN_BOOL_CONVERSION = YES;
				CLANG_WARN_COMMA = YES;
				CLANG_WARN_CONSTANT_CONVERSION = YES;
				CLANG_WARN_DEPRECATED_OBJC_IMPLEMENTATIONS = YES;
				CLANG_WARN_DIRECT_OBJC_ISA_USAGE = YES_ERROR;
				CLANG_WARN_DOCUMENTATION_COMMENTS = YES;
				CLANG_WARN_EMPTY_BODY = YES;
				CLANG_WARN_ENUM_CONVERSION = YES;
				CLANG_WARN_INFINITE_RECURSION = YES;
				CLANG_WARN_INT_CONVERSION = YES;
				CLANG_WARN_NON_LITERAL_NULL_CONVERSION = YES;
				CLANG_WARN_OBJC_IMPLICIT_RETAIN_SELF = YES;
				CLANG_WARN_OBJC_LITERAL_CONVERSION = YES;
				CLANG_WARN_OBJC_ROOT_CLASS = YES_ERROR;
				CLANG_WARN_RANGE_LOOP_ANALYSIS = YES;
				CLANG_WARN_STRICT_PROTOTYPES = YES;
				CLANG_WARN_SUSPICIOUS_MOVE = YES;
				CLANG_WARN_UNGUARDED_AVAILABILITY = YES_AGGRESSIVE;
				CLANG_WARN_UNREACHABLE_CODE = YES;
				CLANG_WARN__DUPLICATE_METHOD_MATCH = YES;
				CODE_SIGN_IDENTITY = "iPhone Developer";
				COPY_PHASE_STRIP = NO;
				DEBUG_INFORMATION_FORMAT = dwarf;
				ENABLE_STRICT_OBJC_MSGSEND = YES;
				ENABLE_TESTABILITY = YES;
				GCC_C_LANGUAGE_STANDARD = gnu11;
				GCC_DYNAMIC_NO_PIC = NO;
				GCC_NO_COMMON_BLOCKS = YES;
				GCC_OPTIMIZATION_LEVEL = 0;
				GCC_PREPROCESSOR_DEFINITIONS = (
					"DEBUG=1",
					"$(inherited)",
				);
				GCC_WARN_64_TO_32_BIT_CONVERSION = YES;
				GCC_WARN_ABOUT_RETURN_TYPE = YES_ERROR;
				GCC_WARN_UNDECLARED_SELECTOR = YES;
				GCC_WARN_UNINITIALIZED_AUTOS = YES_AGGRESSIVE;
				GCC_WARN_UNUSED_FUNCTION = YES;
				GCC_WARN_UNUSED_VARIABLE = YES;
				IPHONEOS_DEPLOYMENT_TARGET = 12.1;
				MTL_ENABLE_DEBUG_INFO = INCLUDE_SOURCE;
				MTL_FAST_MATH = YES;
				ONLY_ACTIVE_ARCH = YES;
				SDKROOT = iphoneos;
				SWIFT_ACTIVE_COMPILATION_CONDITIONS = DEBUG;
				SWIFT_OPTIMIZATION_LEVEL = "-Onone";
			};
			name = Debug;
		};
		381763FC21A4218C003621A1 /* Release */ = {
			isa = XCBuildConfiguration;
			buildSettings = {
				ALWAYS_SEARCH_USER_PATHS = NO;
				CLANG_ANALYZER_NONNULL = YES;
				CLANG_ANALYZER_NUMBER_OBJECT_CONVERSION = YES_AGGRESSIVE;
				CLANG_CXX_LANGUAGE_STANDARD = "gnu++14";
				CLANG_CXX_LIBRARY = "libc++";
				CLANG_ENABLE_MODULES = YES;
				CLANG_ENABLE_OBJC_ARC = YES;
				CLANG_ENABLE_OBJC_WEAK = YES;
				CLANG_WARN_BLOCK_CAPTURE_AUTORELEASING = YES;
				CLANG_WARN_BOOL_CONVERSION = YES;
				CLANG_WARN_COMMA = YES;
				CLANG_WARN_CONSTANT_CONVERSION = YES;
				CLANG_WARN_DEPRECATED_OBJC_IMPLEMENTATIONS = YES;
				CLANG_WARN_DIRECT_OBJC_ISA_USAGE = YES_ERROR;
				CLANG_WARN_DOCUMENTATION_COMMENTS = YES;
				CLANG_WARN_EMPTY_BODY = YES;
				CLANG_WARN_ENUM_CONVERSION = YES;
				CLANG_WARN_INFINITE_RECURSION = YES;
				CLANG_WARN_INT_CONVERSION = YES;
				CLANG_WARN_NON_LITERAL_NULL_CONVERSION = YES;
				CLANG_WARN_OBJC_IMPLICIT_RETAIN_SELF = YES;
				CLANG_WARN_OBJC_LITERAL_CONVERSION = YES;
				CLANG_WARN_OBJC_ROOT_CLASS = YES_ERROR;
				CLANG_WARN_RANGE_LOOP_ANALYSIS = YES;
				CLANG_WARN_STRICT_PROTOTYPES = YES;
				CLANG_WARN_SUSPICIOUS_MOVE = YES;
				CLANG_WARN_UNGUARDED_AVAILABILITY = YES_AGGRESSIVE;
				CLANG_WARN_UNREACHABLE_CODE = YES;
				CLANG_WARN__DUPLICATE_METHOD_MATCH = YES;
				CODE_SIGN_IDENTITY = "iPhone Developer";
				COPY_PHASE_STRIP = NO;
				DEBUG_INFORMATION_FORMAT = "dwarf-with-dsym";
				ENABLE_NS_ASSERTIONS = NO;
				ENABLE_STRICT_OBJC_MSGSEND = YES;
				GCC_C_LANGUAGE_STANDARD = gnu11;
				GCC_NO_COMMON_BLOCKS = YES;
				GCC_WARN_64_TO_32_BIT_CONVERSION = YES;
				GCC_WARN_ABOUT_RETURN_TYPE = YES_ERROR;
				GCC_WARN_UNDECLARED_SELECTOR = YES;
				GCC_WARN_UNINITIALIZED_AUTOS = YES_AGGRESSIVE;
				GCC_WARN_UNUSED_FUNCTION = YES;
				GCC_WARN_UNUSED_VARIABLE = YES;
				IPHONEOS_DEPLOYMENT_TARGET = 12.1;
				MTL_ENABLE_DEBUG_INFO = NO;
				MTL_FAST_MATH = YES;
				SDKROOT = iphoneos;
				SWIFT_COMPILATION_MODE = wholemodule;
				SWIFT_OPTIMIZATION_LEVEL = "-O";
				VALIDATE_PRODUCT = YES;
			};
			name = Release;
		};
		381763FE21A4218C003621A1 /* Debug */ = {
			isa = XCBuildConfiguration;
			baseConfigurationReference = A4446D2401AB1F5E02B389F0 /* Pods-testWebApp.debug.xcconfig */;
			buildSettings = {
				ALWAYS_EMBED_SWIFT_STANDARD_LIBRARIES = YES;
				ASSETCATALOG_COMPILER_APPICON_NAME = AppIcon;
				CODE_SIGN_ENTITLEMENTS = testWebApp/testWebApp.entitlements;
				CODE_SIGN_STYLE = Automatic;
				DEVELOPMENT_TEAM = D6H4TCR3D8;
				FRAMEWORK_SEARCH_PATHS = (
					"$(inherited)",
					"$(PROJECT_DIR)",
				);
				INFOPLIST_FILE = testWebApp/Info.plist;
				LD_RUNPATH_SEARCH_PATHS = (
					"$(inherited)",
					"@executable_path/Frameworks",
				);
				PRODUCT_BUNDLE_IDENTIFIER = CoreValue.testWebApp;
				PRODUCT_NAME = "$(TARGET_NAME)";
				SWIFT_VERSION = 4.2;
				TARGETED_DEVICE_FAMILY = "1,2";
			};
			name = Debug;
		};
		381763FF21A4218C003621A1 /* Release */ = {
			isa = XCBuildConfiguration;
			baseConfigurationReference = 6657C20AADE73CBC2B0E5D64 /* Pods-testWebApp.release.xcconfig */;
			buildSettings = {
				ALWAYS_EMBED_SWIFT_STANDARD_LIBRARIES = YES;
				ASSETCATALOG_COMPILER_APPICON_NAME = AppIcon;
				CODE_SIGN_ENTITLEMENTS = testWebApp/testWebApp.entitlements;
				CODE_SIGN_STYLE = Automatic;
				DEVELOPMENT_TEAM = D6H4TCR3D8;
				FRAMEWORK_SEARCH_PATHS = (
					"$(inherited)",
					"$(PROJECT_DIR)",
				);
				INFOPLIST_FILE = testWebApp/Info.plist;
				LD_RUNPATH_SEARCH_PATHS = (
					"$(inherited)",
					"@executable_path/Frameworks",
				);
				PRODUCT_BUNDLE_IDENTIFIER = CoreValue.testWebApp;
				PRODUCT_NAME = "$(TARGET_NAME)";
				SWIFT_VERSION = 4.2;
				TARGETED_DEVICE_FAMILY = "1,2";
			};
			name = Release;
		};
/* End XCBuildConfiguration section */

/* Begin XCConfigurationList section */
		242F40C521A5BA770001C1B2 /* Build configuration list for PBXNativeTarget "Swifter" */ = {
			isa = XCConfigurationList;
			buildConfigurations = (
				242F40C621A5BA770001C1B2 /* Debug */,
				242F40C721A5BA770001C1B2 /* Release */,
			);
			defaultConfigurationIsVisible = 0;
			defaultConfigurationName = Release;
		};
		381763E621A4218B003621A1 /* Build configuration list for PBXProject "testWebApp" */ = {
			isa = XCConfigurationList;
			buildConfigurations = (
				381763FB21A4218C003621A1 /* Debug */,
				381763FC21A4218C003621A1 /* Release */,
			);
			defaultConfigurationIsVisible = 0;
			defaultConfigurationName = Release;
		};
		381763FD21A4218C003621A1 /* Build configuration list for PBXNativeTarget "testWebApp" */ = {
			isa = XCConfigurationList;
			buildConfigurations = (
				381763FE21A4218C003621A1 /* Debug */,
				381763FF21A4218C003621A1 /* Release */,
			);
			defaultConfigurationIsVisible = 0;
			defaultConfigurationName = Release;
		};
/* End XCConfigurationList section */
	};
	rootObject = 381763E321A4218B003621A1 /* Project object */;
}
